
Microsoft Visual Studio Solution File, Format Version 12.00
Project("{2150E333-8FDC-42A3-9474-1A3956D46DE8}") = "Core", "Core", "{12C8E989-D915-4090-BBB6-E64B2A28A019}"
EndProject
Project("{FAE04EC0-301F-11D3-BF4B-00C04F79EFBC}") = "CleanArch.Playground.Core", "CleanArch.Playground.Core\CleanArch.Playground.Core.csproj", "{47B801DC-45E5-4776-A670-E4B7A38B8F48}"
EndProject
Global
	GlobalSection(SolutionConfigurationPlatforms) = preSolution
		Debug|Any CPU = Debug|Any CPU
		Release|Any CPU = Release|Any CPU
	EndGlobalSection
	GlobalSection(NestedProjects) = preSolution
		{47B801DC-45E5-4776-A670-E4B7A38B8F48} = {12C8E989-D915-4090-BBB6-E64B2A28A019}
	EndGlobalSection
	GlobalSection(ProjectConfigurationPlatforms) = postSolution
		{47B801DC-45E5-4776-A670-E4B7A38B8F48}.Debug|Any CPU.ActiveCfg = Debug|Any CPU
		{47B801DC-45E5-4776-A670-E4B7A38B8F48}.Debug|Any CPU.Build.0 = Debug|Any CPU
		{47B801DC-45E5-4776-A670-E4B7A38B8F48}.Release|Any CPU.ActiveCfg = Release|Any CPU
		{47B801DC-45E5-4776-A670-E4B7A38B8F48}.Release|Any CPU.Build.0 = Release|Any CPU
	EndGlobalSection
EndGlobal
